
Microsoft Visual Studio Solution File, Format Version 12.00
# Visual Studio 15
VisualStudioVersion = 15.0.27130.2024
MinimumVisualStudioVersion = 10.0.40219.1
Project("{FAE04EC0-301F-11D3-BF4B-00C04F79EFBC}") = "HashCode2018", "HashCode2018.csproj", "{3767CFCE-75B7-4EE6-9603-2A5B2E7D1CB2}"
EndProject
Global
	GlobalSection(SolutionConfigurationPlatforms) = preSolution
		Debug|Any CPU = Debug|Any CPU
		Release|Any CPU = Release|Any CPU
	EndGlobalSection
	GlobalSection(ProjectConfigurationPlatforms) = postSolution
		{3767CFCE-75B7-4EE6-9603-2A5B2E7D1CB2}.Debug|Any CPU.ActiveCfg = Debug|Any CPU
		{3767CFCE-75B7-4EE6-9603-2A5B2E7D1CB2}.Debug|Any CPU.Build.0 = Debug|Any CPU
		{3767CFCE-75B7-4EE6-9603-2A5B2E7D1CB2}.Release|Any CPU.ActiveCfg = Release|Any CPU
		{3767CFCE-75B7-4EE6-9603-2A5B2E7D1CB2}.Release|Any CPU.Build.0 = Release|Any CPU
	EndGlobalSection
	GlobalSection(SolutionProperties) = preSolution
		HideSolutionNode = FALSE
	EndGlobalSection
	GlobalSection(ExtensibilityGlobals) = postSolution
		SolutionGuid = {801C4C54-5033-46BB-9538-090B00DA869A}
	EndGlobalSection
EndGlobal
